
Microsoft Visual Studio Solution File, Format Version 12.00
# Visual Studio Version 17
VisualStudioVersion = 17.1.32319.34
MinimumVisualStudioVersion = 10.0.40219.1
Project("{FAE04EC0-301F-11D3-BF4B-00C04F79EFBC}") = "NCVVCasVideoRequestList", "NCVVCasVideoRequestList.csproj", "{8C0CC5DD-9D70-43F9-8B68-27DA084CE6FE}"
EndProject
Project("{2150E333-8FDC-42A3-9474-1A3956D46DE8}") = "Solution Items", "Solution Items", "{82DB3C79-2C4B-4E19-9E8D-F1BF08BC1059}"
	ProjectSection(SolutionItems) = preProject
		README.md = README.md
	EndProjectSection
EndProject
Global
	GlobalSection(SolutionConfigurationPlatforms) = preSolution
		Debug|Any CPU = Debug|Any CPU
		Release|Any CPU = Release|Any CPU
	EndGlobalSection
	GlobalSection(ProjectConfigurationPlatforms) = postSolution
		{8C0CC5DD-9D70-43F9-8B68-27DA084CE6FE}.Debug|Any CPU.ActiveCfg = Debug|Any CPU
		{8C0CC5DD-9D70-43F9-8B68-27DA084CE6FE}.Debug|Any CPU.Build.0 = Debug|Any CPU
		{8C0CC5DD-9D70-43F9-8B68-27DA084CE6FE}.Release|Any CPU.ActiveCfg = Release|Any CPU
		{8C0CC5DD-9D70-43F9-8B68-27DA084CE6FE}.Release|Any CPU.Build.0 = Release|Any CPU
	EndGlobalSection
	GlobalSection(SolutionProperties) = preSolution
		HideSolutionNode = FALSE
	EndGlobalSection
	GlobalSection(ExtensibilityGlobals) = postSolution
		SolutionGuid = {7C71A350-D611-4C85-9833-9F793AC9A250}
	EndGlobalSection
EndGlobal
